// !$*UTF8*$!
{
	archiveVersion = 1;
	classes = {
	};
	objectVersion = 46;
	objects = {

/* Begin PBXBuildFile section */
		B50C116116AE8E1600F48291 /* 分类_笔触.png in Resources */ = {isa = PBXBuildFile; fileRef = B50C115916AE8E1600F48291 /* 分类_笔触.png */; };
		B50C116216AE8E1600F48291 /* 分类_鸡肉.png in Resources */ = {isa = PBXBuildFile; fileRef = B50C115A16AE8E1600F48291 /* 分类_鸡肉.png */; };
		B50C116316AE8E1600F48291 /* 分类_牛羊.png in Resources */ = {isa = PBXBuildFile; fileRef = B50C115B16AE8E1600F48291 /* 分类_牛羊.png */; };
		B50C116416AE8E1600F48291 /* 分类_排骨.png in Resources */ = {isa = PBXBuildFile; fileRef = B50C115C16AE8E1600F48291 /* 分类_排骨.png */; };
		B50C116516AE8E1600F48291 /* 分类_蔬菜.png in Resources */ = {isa = PBXBuildFile; fileRef = B50C115D16AE8E1600F48291 /* 分类_蔬菜.png */; };
		B50C116616AE8E1600F48291 /* 分类_所有.png in Resources */ = {isa = PBXBuildFile; fileRef = B50C115E16AE8E1600F48291 /* 分类_所有.png */; };
		B50C116716AE8E1600F48291 /* 分类_鱼虾.png in Resources */ = {isa = PBXBuildFile; fileRef = B50C115F16AE8E1600F48291 /* 分类_鱼虾.png */; };
		B50C116816AE8E1600F48291 /* 分类_猪肉.png in Resources */ = {isa = PBXBuildFile; fileRef = B50C116016AE8E1600F48291 /* 分类_猪肉.png */; };
		B516176A16AE6E7200099ED3 /* UIKit.framework in Frameworks */ = {isa = PBXBuildFile; fileRef = B516176916AE6E7200099ED3 /* UIKit.framework */; };
		B516176C16AE6E7200099ED3 /* Foundation.framework in Frameworks */ = {isa = PBXBuildFile; fileRef = B516176B16AE6E7200099ED3 /* Foundation.framework */; };
		B516176E16AE6E7200099ED3 /* CoreGraphics.framework in Frameworks */ = {isa = PBXBuildFile; fileRef = B516176D16AE6E7200099ED3 /* CoreGraphics.framework */; };
		B516177416AE6E7200099ED3 /* InfoPlist.strings in Resources */ = {isa = PBXBuildFile; fileRef = B516177216AE6E7200099ED3 /* InfoPlist.strings */; };
		B516177616AE6E7200099ED3 /* main.m in Sources */ = {isa = PBXBuildFile; fileRef = B516177516AE6E7200099ED3 /* main.m */; };
		B516177A16AE6E7200099ED3 /* AppDelegate.m in Sources */ = {isa = PBXBuildFile; fileRef = B516177916AE6E7200099ED3 /* AppDelegate.m */; };
		B516178316AE6E7200099ED3 /* MainStoryboard.storyboard in Resources */ = {isa = PBXBuildFile; fileRef = B516178116AE6E7200099ED3 /* MainStoryboard.storyboard */; };
		B516178616AE6E7200099ED3 /* ViewController.m in Sources */ = {isa = PBXBuildFile; fileRef = B516178516AE6E7200099ED3 /* ViewController.m */; };
		B516178F16AE6FD000099ED3 /* Default-Landscape~ipad.png in Resources */ = {isa = PBXBuildFile; fileRef = B516178E16AE6FD000099ED3 /* Default-Landscape~ipad.png */; };
		B51617A416AE704300099ED3 /* GMGridView.m in Sources */ = {isa = PBXBuildFile; fileRef = B516179316AE704300099ED3 /* GMGridView.m */; };
		B51617A516AE704300099ED3 /* GMGridViewCell.m in Sources */ = {isa = PBXBuildFile; fileRef = B516179616AE704300099ED3 /* GMGridViewCell.m */; };
		B51617A616AE704300099ED3 /* GMGridViewLayoutStrategies.m in Sources */ = {isa = PBXBuildFile; fileRef = B516179816AE704300099ED3 /* GMGridViewLayoutStrategies.m */; };
		B51617A716AE704300099ED3 /* UIGestureRecognizer+GMGridViewAdditions.m in Sources */ = {isa = PBXBuildFile; fileRef = B516179A16AE704300099ED3 /* UIGestureRecognizer+GMGridViewAdditions.m */; };
		B51617A816AE704300099ED3 /* UIView+GMGridViewAdditions.m in Sources */ = {isa = PBXBuildFile; fileRef = B516179C16AE704300099ED3 /* UIView+GMGridViewAdditions.m */; };
		B51617A916AE704300099ED3 /* RecipeItem.m in Sources */ = {isa = PBXBuildFile; fileRef = B516179E16AE704300099ED3 /* RecipeItem.m */; };
		B51617AA16AE704300099ED3 /* RecipeItem.xib in Resources */ = {isa = PBXBuildFile; fileRef = B516179F16AE704300099ED3 /* RecipeItem.xib */; };
		B51617AB16AE704300099ED3 /* bg.png in Resources */ = {isa = PBXBuildFile; fileRef = B51617A116AE704300099ED3 /* bg.png */; };
		B51617AC16AE704300099ED3 /* Item_bg.png in Resources */ = {isa = PBXBuildFile; fileRef = B51617A216AE704300099ED3 /* Item_bg.png */; };
		B51617AF16AE71EA00099ED3 /* QuartzCore.framework in Frameworks */ = {isa = PBXBuildFile; fileRef = B51617AE16AE71EA00099ED3 /* QuartzCore.framework */; };
		B51617B116AE825B00099ED3 /* 分类_背景.png in Resources */ = {isa = PBXBuildFile; fileRef = B51617B016AE825B00099ED3 /* 分类_背景.png */; };
		B5BD07C416AF190B009C23F2 /* 分类_123美食网.png in Resources */ = {isa = PBXBuildFile; fileRef = B5BD07C216AF190B009C23F2 /* 分类_123美食网.png */; };
		B5BD07C516AF190B009C23F2 /* 分类_家常菜谱.png in Resources */ = {isa = PBXBuildFile; fileRef = B5BD07C316AF190B009C23F2 /* 分类_家常菜谱.png */; };
		B5BD07CA16AF254A009C23F2 /* 分类_表.png in Resources */ = {isa = PBXBuildFile; fileRef = B5BD07C716AF254A009C23F2 /* 分类_表.png */; };
		B5BD07CB16AF254A009C23F2 /* 分类_更多.png in Resources */ = {isa = PBXBuildFile; fileRef = B5BD07C816AF254A009C23F2 /* 分类_更多.png */; };
		B5BD07CC16AF254A009C23F2 /* 分类_咖啡.png in Resources */ = {isa = PBXBuildFile; fileRef = B5BD07C916AF254A009C23F2 /* 分类_咖啡.png */; };
		B5BD07CE16AF3632009C23F2 /* data.plist in Resources */ = {isa = PBXBuildFile; fileRef = B5BD07CD16AF3632009C23F2 /* data.plist */; };
		B5BD07FF16AF46AB009C23F2 /* 可乐鸡翅.jpg in Resources */ = {isa = PBXBuildFile; fileRef = B5BD07D016AF46AB009C23F2 /* 可乐鸡翅.jpg */; };
		B5BD080016AF46AB009C23F2 /* 回锅肉.jpg in Resources */ = {isa = PBXBuildFile; fileRef = B5BD07D116AF46AB009C23F2 /* 回锅肉.jpg */; };
		B5BD080116AF46AB009C23F2 /* 土豆烧牛肉.jpg in Resources */ = {isa = PBXBuildFile; fileRef = B5BD07D216AF46AB009C23F2 /* 土豆烧牛肉.jpg */; };
		B5BD080216AF46AB009C23F2 /* 地三鲜.jpg in Resources */ = {isa = PBXBuildFile; fileRef = B5BD07D316AF46AB009C23F2 /* 地三鲜.jpg */; };
		B5BD080316AF46AB009C23F2 /* 孜然羊肉.jpg in Resources */ = {isa = PBXBuildFile; fileRef = B5BD07D416AF46AB009C23F2 /* 孜然羊肉.jpg */; };
		B5BD080416AF46AB009C23F2 /* 宫保鸡丁.jpg in Resources */ = {isa = PBXBuildFile; fileRef = B5BD07D516AF46AB009C23F2 /* 宫保鸡丁.jpg */; };
		B5BD080516AF46AB009C23F2 /* 家常豆腐.jpg in Resources */ = {isa = PBXBuildFile; fileRef = B5BD07D616AF46AB009C23F2 /* 家常豆腐.jpg */; };
		B5BD080616AF46AB009C23F2 /* 尖椒土豆丝.jpg in Resources */ = {isa = PBXBuildFile; fileRef = B5BD07D716AF46AB009C23F2 /* 尖椒土豆丝.jpg */; };
		B5BD080716AF46AB009C23F2 /* 尖椒牛柳.jpg in Resources */ = {isa = PBXBuildFile; fileRef = B5BD07D816AF46AB009C23F2 /* 尖椒牛柳.jpg */; };
		B5BD080816AF46AB009C23F2 /* 干烧鲫鱼.jpg in Resources */ = {isa = PBXBuildFile; fileRef = B5BD07D916AF46AB009C23F2 /* 干烧鲫鱼.jpg */; };
		B5BD080916AF46AB009C23F2 /* 干煸牛肉丝.jpg in Resources */ = {isa = PBXBuildFile; fileRef = B5BD07DA16AF46AB009C23F2 /* 干煸牛肉丝.jpg */; };
		B5BD080A16AF46AB009C23F2 /* 干煸豆角.jpg in Resources */ = {isa = PBXBuildFile; fileRef = B5BD07DB16AF46AB009C23F2 /* 干煸豆角.jpg */; };
		B5BD080B16AF46AB009C23F2 /* 木须肉.jpg in Resources */ = {isa = PBXBuildFile; fileRef = B5BD07DC16AF46AB009C23F2 /* 木须肉.jpg */; };
		B5BD080C16AF46AB009C23F2 /* 栗子焖鸡.jpg in Resources */ = {isa = PBXBuildFile; fileRef = B5BD07DD16AF46AB009C23F2 /* 栗子焖鸡.jpg */; };
		B5BD080D16AF46AB009C23F2 /* 水煮肉片.jpg in Resources */ = {isa = PBXBuildFile; fileRef = B5BD07DE16AF46AB009C23F2 /* 水煮肉片.jpg */; };
		B5BD080E16AF46AB009C23F2 /* 水煮鱼.jpg in Resources */ = {isa = PBXBuildFile; fileRef = B5BD07DF16AF46AB009C23F2 /* 水煮鱼.jpg */; };
		B5BD080F16AF46AB009C23F2 /* 油爆青虾.jpg in Resources */ = {isa = PBXBuildFile; fileRef = B5BD07E016AF46AB009C23F2 /* 油爆青虾.jpg */; };
		B5BD081016AF46AB009C23F2 /* 清蒸武昌鱼.jpg in Resources */ = {isa = PBXBuildFile; fileRef = B5BD07E116AF46AB009C23F2 /* 清蒸武昌鱼.jpg */; };
		B5BD081116AF46AB009C23F2 /* 溜肝尖.jpg in Resources */ = {isa = PBXBuildFile; fileRef = B5BD07E216AF46AB009C23F2 /* 溜肝尖.jpg */; };
		B5BD081216AF46AB009C23F2 /* 炸茄盒.jpg in Resources */ = {isa = PBXBuildFile; fileRef = B5BD07E316AF46AB009C23F2 /* 炸茄盒.jpg */; };
		B5BD081316AF46AB009C23F2 /* 烧茄子.jpg in Resources */ = {isa = PBXBuildFile; fileRef = B5BD07E416AF46AB009C23F2 /* 烧茄子.jpg */; };
		B5BD081416AF46AB009C23F2 /* 熘肥肠.jpg in Resources */ = {isa = PBXBuildFile; fileRef = B5BD07E516AF46AB009C23F2 /* 熘肥肠.jpg */; };
		B5BD081516AF46AB009C23F2 /* 糖醋带鱼.jpg in Resources */ = {isa = PBXBuildFile; fileRef = B5BD07E616AF46AB009C23F2 /* 糖醋带鱼.jpg */; };
		B5BD081616AF46AB009C23F2 /* 糖醋排骨.jpg in Resources */ = {isa = PBXBuildFile; fileRef = B5BD07E716AF46AB009C23F2 /* 糖醋排骨.jpg */; };
		B5BD081716AF46AB009C23F2 /* 红烧排骨.jpg in Resources */ = {isa = PBXBuildFile; fileRef = B5BD07E816AF46AB009C23F2 /* 红烧排骨.jpg */; };
		B5BD081816AF46AB009C23F2 /* 红烧肉.jpg in Resources */ = {isa = PBXBuildFile; fileRef = B5BD07E916AF46AB009C23F2 /* 红烧肉.jpg */; };
		B5BD081916AF46AB009C23F2 /* 红烧鸡翅.jpg in Resources */ = {isa = PBXBuildFile; fileRef = B5BD07EA16AF46AB009C23F2 /* 红烧鸡翅.jpg */; };
		B5BD081A16AF46AB009C23F2 /* 花生猪蹄.jpg in Resources */ = {isa = PBXBuildFile; fileRef = B5BD07EB16AF46AB009C23F2 /* 花生猪蹄.jpg */; };
		B5BD081B16AF46AB009C23F2 /* 苦瓜煎蛋.jpg in Resources */ = {isa = PBXBuildFile; fileRef = B5BD07EC16AF46AB009C23F2 /* 苦瓜煎蛋.jpg */; };
		B5BD081C16AF46AB009C23F2 /* 葱爆羊肉.jpg in Resources */ = {isa = PBXBuildFile; fileRef = B5BD07ED16AF46AB009C23F2 /* 葱爆羊肉.jpg */; };
		B5BD081D16AF46AB009C23F2 /* 蒜薹炒肉丝.jpg in Resources */ = {isa = PBXBuildFile; fileRef = B5BD07EE16AF46AB009C23F2 /* 蒜薹炒肉丝.jpg */; };
		B5BD081E16AF46AB009C23F2 /* 虎皮尖椒.jpg in Resources */ = {isa = PBXBuildFile; fileRef = B5BD07EF16AF46AB009C23F2 /* 虎皮尖椒.jpg */; };
		B5BD081F16AF46AB009C23F2 /* 西红柿炒鸡蛋.jpg in Resources */ = {isa = PBXBuildFile; fileRef = B5BD07F016AF46AB009C23F2 /* 西红柿炒鸡蛋.jpg */; };
		B5BD082016AF46AB009C23F2 /* 西红柿炖牛腩.jpg in Resources */ = {isa = PBXBuildFile; fileRef = B5BD07F116AF46AB009C23F2 /* 西红柿炖牛腩.jpg */; };
		B5BD082116AF46AB009C23F2 /* 豆干炒芹菜.jpg in Resources */ = {isa = PBXBuildFile; fileRef = B5BD07F216AF46AB009C23F2 /* 豆干炒芹菜.jpg */; };
		B5BD082216AF46AB009C23F2 /* 豆豉鲮鱼油麦菜.jpg in Resources */ = {isa = PBXBuildFile; fileRef = B5BD07F316AF46AB009C23F2 /* 豆豉鲮鱼油麦菜.jpg */; };
		B5BD082316AF46AB009C23F2 /* 软炸里脊.jpg in Resources */ = {isa = PBXBuildFile; fileRef = B5BD07F416AF46AB009C23F2 /* 软炸里脊.jpg */; };
		B5BD082416AF46AB009C23F2 /* 酱排骨.jpg in Resources */ = {isa = PBXBuildFile; fileRef = B5BD07F516AF46AB009C23F2 /* 酱排骨.jpg */; };
		B5BD082516AF46AB009C23F2 /* 酱烧茄子.jpg in Resources */ = {isa = PBXBuildFile; fileRef = B5BD07F616AF46AB009C23F2 /* 酱烧茄子.jpg */; };
		B5BD082616AF46AB009C23F2 /* 醋溜土豆丝.jpg in Resources */ = {isa = PBXBuildFile; fileRef = B5BD07F716AF46AB009C23F2 /* 醋溜土豆丝.jpg */; };
		B5BD082716AF46AB009C23F2 /* 醋溜白菜.jpg in Resources */ = {isa = PBXBuildFile; fileRef = B5BD07F816AF46AB009C23F2 /* 醋溜白菜.jpg */; };
		B5BD082816AF46AB009C23F2 /* 锅包肉.jpg in Resources */ = {isa = PBXBuildFile; fileRef = B5BD07F916AF46AB009C23F2 /* 锅包肉.jpg */; };
		B5BD082916AF46AB009C23F2 /* 韭菜炒鸡蛋.jpg in Resources */ = {isa = PBXBuildFile; fileRef = B5BD07FA16AF46AB009C23F2 /* 韭菜炒鸡蛋.jpg */; };
		B5BD082A16AF46AB009C23F2 /* 香菇油菜.jpg in Resources */ = {isa = PBXBuildFile; fileRef = B5BD07FB16AF46AB009C23F2 /* 香菇油菜.jpg */; };
		B5BD082B16AF46AB009C23F2 /* 鱼香茄子.jpg in Resources */ = {isa = PBXBuildFile; fileRef = B5BD07FC16AF46AB009C23F2 /* 鱼香茄子.jpg */; };
		B5BD082C16AF46AB009C23F2 /* 鸡蛋羹.jpg in Resources */ = {isa = PBXBuildFile; fileRef = B5BD07FD16AF46AB009C23F2 /* 鸡蛋羹.jpg */; };
		B5BD082D16AF46AB009C23F2 /* 麻婆豆腐.jpg in Resources */ = {isa = PBXBuildFile; fileRef = B5BD07FE16AF46AB009C23F2 /* 麻婆豆腐.jpg */; };
		B5BD083A16AF9188009C23F2 /* CBDataManager.m in Sources */ = {isa = PBXBuildFile; fileRef = B5BD083916AF9188009C23F2 /* CBDataManager.m */; };
		B5BD083C16AF9295009C23F2 /* 鱼香肉丝.jpg in Resources */ = {isa = PBXBuildFile; fileRef = B5BD083B16AF9295009C23F2 /* 鱼香肉丝.jpg */; };
/* End PBXBuildFile section */

/* Begin PBXFileReference section */
		B50C115916AE8E1600F48291 /* 分类_笔触.png */ = {isa = PBXFileReference; lastKnownFileType = image.png; path = "分类_笔触.png"; sourceTree = "<group>"; };
		B50C115A16AE8E1600F48291 /* 分类_鸡肉.png */ = {isa = PBXFileReference; lastKnownFileType = image.png; path = "分类_鸡肉.png"; sourceTree = "<group>"; };
		B50C115B16AE8E1600F48291 /* 分类_牛羊.png */ = {isa = PBXFileReference; lastKnownFileType = image.png; path = "分类_牛羊.png"; sourceTree = "<group>"; };
		B50C115C16AE8E1600F48291 /* 分类_排骨.png */ = {isa = PBXFileReference; lastKnownFileType = image.png; path = "分类_排骨.png"; sourceTree = "<group>"; };
		B50C115D16AE8E1600F48291 /* 分类_蔬菜.png */ = {isa = PBXFileReference; lastKnownFileType = image.png; path = "分类_蔬菜.png"; sourceTree = "<group>"; };
		B50C115E16AE8E1600F48291 /* 分类_所有.png */ = {isa = PBXFileReference; lastKnownFileType = image.png; path = "分类_所有.png"; sourceTree = "<group>"; };
		B50C115F16AE8E1600F48291 /* 分类_鱼虾.png */ = {isa = PBXFileReference; lastKnownFileType = image.png; path = "分类_鱼虾.png"; sourceTree = "<group>"; };
		B50C116016AE8E1600F48291 /* 分类_猪肉.png */ = {isa = PBXFileReference; lastKnownFileType = image.png; path = "分类_猪肉.png"; sourceTree = "<group>"; };
		B516176516AE6E7200099ED3 /* cookbook.app */ = {isa = PBXFileReference; explicitFileType = wrapper.application; includeInIndex = 0; path = cookbook.app; sourceTree = BUILT_PRODUCTS_DIR; };
		B516176916AE6E7200099ED3 /* UIKit.framework */ = {isa = PBXFileReference; lastKnownFileType = wrapper.framework; name = UIKit.framework; path = System/Library/Frameworks/UIKit.framework; sourceTree = SDKROOT; };
		B516176B16AE6E7200099ED3 /* Foundation.framework */ = {isa = PBXFileReference; lastKnownFileType = wrapper.framework; name = Foundation.framework; path = System/Library/Frameworks/Foundation.framework; sourceTree = SDKROOT; };
		B516176D16AE6E7200099ED3 /* CoreGraphics.framework */ = {isa = PBXFileReference; lastKnownFileType = wrapper.framework; name = CoreGraphics.framework; path = System/Library/Frameworks/CoreGraphics.framework; sourceTree = SDKROOT; };
		B516177116AE6E7200099ED3 /* cookbook-Info.plist */ = {isa = PBXFileReference; lastKnownFileType = text.plist.xml; path = "cookbook-Info.plist"; sourceTree = "<group>"; };
		B516177316AE6E7200099ED3 /* en */ = {isa = PBXFileReference; lastKnownFileType = text.plist.strings; name = en; path = en.lproj/InfoPlist.strings; sourceTree = "<group>"; };
		B516177516AE6E7200099ED3 /* main.m */ = {isa = PBXFileReference; lastKnownFileType = sourcecode.c.objc; path = main.m; sourceTree = "<group>"; };
		B516177716AE6E7200099ED3 /* cookbook-Prefix.pch */ = {isa = PBXFileReference; lastKnownFileType = sourcecode.c.h; path = "cookbook-Prefix.pch"; sourceTree = "<group>"; };
		B516177816AE6E7200099ED3 /* AppDelegate.h */ = {isa = PBXFileReference; lastKnownFileType = sourcecode.c.h; path = AppDelegate.h; sourceTree = "<group>"; };
		B516177916AE6E7200099ED3 /* AppDelegate.m */ = {isa = PBXFileReference; lastKnownFileType = sourcecode.c.objc; path = AppDelegate.m; sourceTree = "<group>"; };
		B516178216AE6E7200099ED3 /* en */ = {isa = PBXFileReference; lastKnownFileType = file.storyboard; name = en; path = en.lproj/MainStoryboard.storyboard; sourceTree = "<group>"; };
		B516178416AE6E7200099ED3 /* ViewController.h */ = {isa = PBXFileReference; lastKnownFileType = sourcecode.c.h; path = ViewController.h; sourceTree = "<group>"; };
		B516178516AE6E7200099ED3 /* ViewController.m */ = {isa = PBXFileReference; lastKnownFileType = sourcecode.c.objc; path = ViewController.m; sourceTree = "<group>"; };
		B516178E16AE6FD000099ED3 /* Default-Landscape~ipad.png */ = {isa = PBXFileReference; lastKnownFileType = image.png; path = "Default-Landscape~ipad.png"; sourceTree = "<group>"; };
		B516179116AE704300099ED3 /* GMGridView-Constants.h */ = {isa = PBXFileReference; fileEncoding = 4; lastKnownFileType = sourcecode.c.h; path = "GMGridView-Constants.h"; sourceTree = "<group>"; };
		B516179216AE704300099ED3 /* GMGridView.h */ = {isa = PBXFileReference; fileEncoding = 4; lastKnownFileType = sourcecode.c.h; path = GMGridView.h; sourceTree = "<group>"; };
		B516179316AE704300099ED3 /* GMGridView.m */ = {isa = PBXFileReference; fileEncoding = 4; lastKnownFileType = sourcecode.c.objc; path = GMGridView.m; sourceTree = "<group>"; };
		B516179416AE704300099ED3 /* GMGridViewCell+Extended.h */ = {isa = PBXFileReference; fileEncoding = 4; lastKnownFileType = sourcecode.c.h; path = "GMGridViewCell+Extended.h"; sourceTree = "<group>"; };
		B516179516AE704300099ED3 /* GMGridViewCell.h */ = {isa = PBXFileReference; fileEncoding = 4; lastKnownFileType = sourcecode.c.h; path = GMGridViewCell.h; sourceTree = "<group>"; };
		B516179616AE704300099ED3 /* GMGridViewCell.m */ = {isa = PBXFileReference; fileEncoding = 4; lastKnownFileType = sourcecode.c.objc; path = GMGridViewCell.m; sourceTree = "<group>"; };
		B516179716AE704300099ED3 /* GMGridViewLayoutStrategies.h */ = {isa = PBXFileReference; fileEncoding = 4; lastKnownFileType = sourcecode.c.h; path = GMGridViewLayoutStrategies.h; sourceTree = "<group>"; };
		B516179816AE704300099ED3 /* GMGridViewLayoutStrategies.m */ = {isa = PBXFileReference; fileEncoding = 4; lastKnownFileType = sourcecode.c.objc; path = GMGridViewLayoutStrategies.m; sourceTree = "<group>"; };
		B516179916AE704300099ED3 /* UIGestureRecognizer+GMGridViewAdditions.h */ = {isa = PBXFileReference; fileEncoding = 4; lastKnownFileType = sourcecode.c.h; path = "UIGestureRecognizer+GMGridViewAdditions.h"; sourceTree = "<group>"; };
		B516179A16AE704300099ED3 /* UIGestureRecognizer+GMGridViewAdditions.m */ = {isa = PBXFileReference; fileEncoding = 4; lastKnownFileType = sourcecode.c.objc; path = "UIGestureRecognizer+GMGridViewAdditions.m"; sourceTree = "<group>"; };
		B516179B16AE704300099ED3 /* UIView+GMGridViewAdditions.h */ = {isa = PBXFileReference; fileEncoding = 4; lastKnownFileType = sourcecode.c.h; path = "UIView+GMGridViewAdditions.h"; sourceTree = "<group>"; };
		B516179C16AE704300099ED3 /* UIView+GMGridViewAdditions.m */ = {isa = PBXFileReference; fileEncoding = 4; lastKnownFileType = sourcecode.c.objc; path = "UIView+GMGridViewAdditions.m"; sourceTree = "<group>"; };
		B516179D16AE704300099ED3 /* RecipeItem.h */ = {isa = PBXFileReference; fileEncoding = 4; lastKnownFileType = sourcecode.c.h; path = RecipeItem.h; sourceTree = "<group>"; };
		B516179E16AE704300099ED3 /* RecipeItem.m */ = {isa = PBXFileReference; fileEncoding = 4; lastKnownFileType = sourcecode.c.objc; path = RecipeItem.m; sourceTree = "<group>"; };
		B516179F16AE704300099ED3 /* RecipeItem.xib */ = {isa = PBXFileReference; fileEncoding = 4; lastKnownFileType = file.xib; path = RecipeItem.xib; sourceTree = "<group>"; };
		B51617A116AE704300099ED3 /* bg.png */ = {isa = PBXFileReference; lastKnownFileType = image.png; path = bg.png; sourceTree = "<group>"; };
		B51617A216AE704300099ED3 /* Item_bg.png */ = {isa = PBXFileReference; lastKnownFileType = image.png; path = Item_bg.png; sourceTree = "<group>"; };
		B51617AE16AE71EA00099ED3 /* QuartzCore.framework */ = {isa = PBXFileReference; lastKnownFileType = wrapper.framework; name = QuartzCore.framework; path = System/Library/Frameworks/QuartzCore.framework; sourceTree = SDKROOT; };
		B51617B016AE825B00099ED3 /* 分类_背景.png */ = {isa = PBXFileReference; lastKnownFileType = image.png; path = "分类_背景.png"; sourceTree = "<group>"; };
		B5BD07C216AF190B009C23F2 /* 分类_123美食网.png */ = {isa = PBXFileReference; lastKnownFileType = image.png; path = "分类_123美食网.png"; sourceTree = "<group>"; };
		B5BD07C316AF190B009C23F2 /* 分类_家常菜谱.png */ = {isa = PBXFileReference; lastKnownFileType = image.png; path = "分类_家常菜谱.png"; sourceTree = "<group>"; };
		B5BD07C716AF254A009C23F2 /* 分类_表.png */ = {isa = PBXFileReference; lastKnownFileType = image.png; path = "分类_表.png"; sourceTree = "<group>"; };
		B5BD07C816AF254A009C23F2 /* 分类_更多.png */ = {isa = PBXFileReference; lastKnownFileType = image.png; path = "分类_更多.png"; sourceTree = "<group>"; };
		B5BD07C916AF254A009C23F2 /* 分类_咖啡.png */ = {isa = PBXFileReference; lastKnownFileType = image.png; path = "分类_咖啡.png"; sourceTree = "<group>"; };
		B5BD07CD16AF3632009C23F2 /* data.plist */ = {isa = PBXFileReference; fileEncoding = 4; lastKnownFileType = text.plist.xml; path = data.plist; sourceTree = "<group>"; };
		B5BD07D016AF46AB009C23F2 /* 可乐鸡翅.jpg */ = {isa = PBXFileReference; lastKnownFileType = image.jpeg; path = "可乐鸡翅.jpg"; sourceTree = "<group>"; };
		B5BD07D116AF46AB009C23F2 /* 回锅肉.jpg */ = {isa = PBXFileReference; lastKnownFileType = image.jpeg; path = "回锅肉.jpg"; sourceTree = "<group>"; };
		B5BD07D216AF46AB009C23F2 /* 土豆烧牛肉.jpg */ = {isa = PBXFileReference; lastKnownFileType = image.jpeg; path = "土豆烧牛肉.jpg"; sourceTree = "<group>"; };
		B5BD07D316AF46AB009C23F2 /* 地三鲜.jpg */ = {isa = PBXFileReference; lastKnownFileType = image.jpeg; path = "地三鲜.jpg"; sourceTree = "<group>"; };
		B5BD07D416AF46AB009C23F2 /* 孜然羊肉.jpg */ = {isa = PBXFileReference; lastKnownFileType = image.jpeg; path = "孜然羊肉.jpg"; sourceTree = "<group>"; };
		B5BD07D516AF46AB009C23F2 /* 宫保鸡丁.jpg */ = {isa = PBXFileReference; lastKnownFileType = image.jpeg; path = "宫保鸡丁.jpg"; sourceTree = "<group>"; };
		B5BD07D616AF46AB009C23F2 /* 家常豆腐.jpg */ = {isa = PBXFileReference; lastKnownFileType = image.jpeg; path = "家常豆腐.jpg"; sourceTree = "<group>"; };
		B5BD07D716AF46AB009C23F2 /* 尖椒土豆丝.jpg */ = {isa = PBXFileReference; lastKnownFileType = image.jpeg; path = "尖椒土豆丝.jpg"; sourceTree = "<group>"; };
		B5BD07D816AF46AB009C23F2 /* 尖椒牛柳.jpg */ = {isa = PBXFileReference; lastKnownFileType = image.jpeg; path = "尖椒牛柳.jpg"; sourceTree = "<group>"; };
		B5BD07D916AF46AB009C23F2 /* 干烧鲫鱼.jpg */ = {isa = PBXFileReference; lastKnownFileType = image.jpeg; path = "干烧鲫鱼.jpg"; sourceTree = "<group>"; };
		B5BD07DA16AF46AB009C23F2 /* 干煸牛肉丝.jpg */ = {isa = PBXFileReference; lastKnownFileType = image.jpeg; path = "干煸牛肉丝.jpg"; sourceTree = "<group>"; };
		B5BD07DB16AF46AB009C23F2 /* 干煸豆角.jpg */ = {isa = PBXFileReference; lastKnownFileType = image.jpeg; path = "干煸豆角.jpg"; sourceTree = "<group>"; };
		B5BD07DC16AF46AB009C23F2 /* 木须肉.jpg */ = {isa = PBXFileReference; lastKnownFileType = image.jpeg; path = "木须肉.jpg"; sourceTree = "<group>"; };
		B5BD07DD16AF46AB009C23F2 /* 栗子焖鸡.jpg */ = {isa = PBXFileReference; lastKnownFileType = image.jpeg; path = "栗子焖鸡.jpg"; sourceTree = "<group>"; };
		B5BD07DE16AF46AB009C23F2 /* 水煮肉片.jpg */ = {isa = PBXFileReference; lastKnownFileType = image.jpeg; path = "水煮肉片.jpg"; sourceTree = "<group>"; };
		B5BD07DF16AF46AB009C23F2 /* 水煮鱼.jpg */ = {isa = PBXFileReference; lastKnownFileType = image.jpeg; path = "水煮鱼.jpg"; sourceTree = "<group>"; };
		B5BD07E016AF46AB009C23F2 /* 油爆青虾.jpg */ = {isa = PBXFileReference; lastKnownFileType = image.jpeg; path = "油爆青虾.jpg"; sourceTree = "<group>"; };
		B5BD07E116AF46AB009C23F2 /* 清蒸武昌鱼.jpg */ = {isa = PBXFileReference; lastKnownFileType = image.jpeg; path = "清蒸武昌鱼.jpg"; sourceTree = "<group>"; };
		B5BD07E216AF46AB009C23F2 /* 溜肝尖.jpg */ = {isa = PBXFileReference; lastKnownFileType = image.jpeg; path = "溜肝尖.jpg"; sourceTree = "<group>"; };
		B5BD07E316AF46AB009C23F2 /* 炸茄盒.jpg */ = {isa = PBXFileReference; lastKnownFileType = image.jpeg; path = "炸茄盒.jpg"; sourceTree = "<group>"; };
		B5BD07E416AF46AB009C23F2 /* 烧茄子.jpg */ = {isa = PBXFileReference; lastKnownFileType = image.jpeg; path = "烧茄子.jpg"; sourceTree = "<group>"; };
		B5BD07E516AF46AB009C23F2 /* 熘肥肠.jpg */ = {isa = PBXFileReference; lastKnownFileType = image.jpeg; path = "熘肥肠.jpg"; sourceTree = "<group>"; };
		B5BD07E616AF46AB009C23F2 /* 糖醋带鱼.jpg */ = {isa = PBXFileReference; lastKnownFileType = image.jpeg; path = "糖醋带鱼.jpg"; sourceTree = "<group>"; };
		B5BD07E716AF46AB009C23F2 /* 糖醋排骨.jpg */ = {isa = PBXFileReference; lastKnownFileType = image.jpeg; path = "糖醋排骨.jpg"; sourceTree = "<group>"; };
		B5BD07E816AF46AB009C23F2 /* 红烧排骨.jpg */ = {isa = PBXFileReference; lastKnownFileType = image.jpeg; path = "红烧排骨.jpg"; sourceTree = "<group>"; };
		B5BD07E916AF46AB009C23F2 /* 红烧肉.jpg */ = {isa = PBXFileReference; lastKnownFileType = image.jpeg; path = "红烧肉.jpg"; sourceTree = "<group>"; };
		B5BD07EA16AF46AB009C23F2 /* 红烧鸡翅.jpg */ = {isa = PBXFileReference; lastKnownFileType = image.jpeg; path = "红烧鸡翅.jpg"; sourceTree = "<group>"; };
		B5BD07EB16AF46AB009C23F2 /* 花生猪蹄.jpg */ = {isa = PBXFileReference; lastKnownFileType = image.jpeg; path = "花生猪蹄.jpg"; sourceTree = "<group>"; };
		B5BD07EC16AF46AB009C23F2 /* 苦瓜煎蛋.jpg */ = {isa = PBXFileReference; lastKnownFileType = image.jpeg; path = "苦瓜煎蛋.jpg"; sourceTree = "<group>"; };
		B5BD07ED16AF46AB009C23F2 /* 葱爆羊肉.jpg */ = {isa = PBXFileReference; lastKnownFileType = image.jpeg; path = "葱爆羊肉.jpg"; sourceTree = "<group>"; };
		B5BD07EE16AF46AB009C23F2 /* 蒜薹炒肉丝.jpg */ = {isa = PBXFileReference; lastKnownFileType = image.jpeg; path = "蒜薹炒肉丝.jpg"; sourceTree = "<group>"; };
		B5BD07EF16AF46AB009C23F2 /* 虎皮尖椒.jpg */ = {isa = PBXFileReference; lastKnownFileType = image.jpeg; path = "虎皮尖椒.jpg"; sourceTree = "<group>"; };
		B5BD07F016AF46AB009C23F2 /* 西红柿炒鸡蛋.jpg */ = {isa = PBXFileReference; lastKnownFileType = image.jpeg; path = "西红柿炒鸡蛋.jpg"; sourceTree = "<group>"; };
		B5BD07F116AF46AB009C23F2 /* 西红柿炖牛腩.jpg */ = {isa = PBXFileReference; lastKnownFileType = image.jpeg; path = "西红柿炖牛腩.jpg"; sourceTree = "<group>"; };
		B5BD07F216AF46AB009C23F2 /* 豆干炒芹菜.jpg */ = {isa = PBXFileReference; lastKnownFileType = image.jpeg; path = "豆干炒芹菜.jpg"; sourceTree = "<group>"; };
		B5BD07F316AF46AB009C23F2 /* 豆豉鲮鱼油麦菜.jpg */ = {isa = PBXFileReference; lastKnownFileType = image.jpeg; path = "豆豉鲮鱼油麦菜.jpg"; sourceTree = "<group>"; };
		B5BD07F416AF46AB009C23F2 /* 软炸里脊.jpg */ = {isa = PBXFileReference; lastKnownFileType = image.jpeg; path = "软炸里脊.jpg"; sourceTree = "<group>"; };
		B5BD07F516AF46AB009C23F2 /* 酱排骨.jpg */ = {isa = PBXFileReference; lastKnownFileType = image.jpeg; path = "酱排骨.jpg"; sourceTree = "<group>"; };
		B5BD07F616AF46AB009C23F2 /* 酱烧茄子.jpg */ = {isa = PBXFileReference; lastKnownFileType = image.jpeg; path = "酱烧茄子.jpg"; sourceTree = "<group>"; };
		B5BD07F716AF46AB009C23F2 /* 醋溜土豆丝.jpg */ = {isa = PBXFileReference; lastKnownFileType = image.jpeg; path = "醋溜土豆丝.jpg"; sourceTree = "<group>"; };
		B5BD07F816AF46AB009C23F2 /* 醋溜白菜.jpg */ = {isa = PBXFileReference; lastKnownFileType = image.jpeg; path = "醋溜白菜.jpg"; sourceTree = "<group>"; };
		B5BD07F916AF46AB009C23F2 /* 锅包肉.jpg */ = {isa = PBXFileReference; lastKnownFileType = image.jpeg; path = "锅包肉.jpg"; sourceTree = "<group>"; };
		B5BD07FA16AF46AB009C23F2 /* 韭菜炒鸡蛋.jpg */ = {isa = PBXFileReference; lastKnownFileType = image.jpeg; path = "韭菜炒鸡蛋.jpg"; sourceTree = "<group>"; };
		B5BD07FB16AF46AB009C23F2 /* 香菇油菜.jpg */ = {isa = PBXFileReference; lastKnownFileType = image.jpeg; path = "香菇油菜.jpg"; sourceTree = "<group>"; };
		B5BD07FC16AF46AB009C23F2 /* 鱼香茄子.jpg */ = {isa = PBXFileReference; lastKnownFileType = image.jpeg; path = "鱼香茄子.jpg"; sourceTree = "<group>"; };
		B5BD07FD16AF46AB009C23F2 /* 鸡蛋羹.jpg */ = {isa = PBXFileReference; lastKnownFileType = image.jpeg; path = "鸡蛋羹.jpg"; sourceTree = "<group>"; };
		B5BD07FE16AF46AB009C23F2 /* 麻婆豆腐.jpg */ = {isa = PBXFileReference; lastKnownFileType = image.jpeg; path = "麻婆豆腐.jpg"; sourceTree = "<group>"; };
		B5BD083816AF9188009C23F2 /* CBDataManager.h */ = {isa = PBXFileReference; fileEncoding = 4; lastKnownFileType = sourcecode.c.h; path = CBDataManager.h; sourceTree = "<group>"; };
		B5BD083916AF9188009C23F2 /* CBDataManager.m */ = {isa = PBXFileReference; fileEncoding = 4; lastKnownFileType = sourcecode.c.objc; path = CBDataManager.m; sourceTree = "<group>"; };
		B5BD083B16AF9295009C23F2 /* 鱼香肉丝.jpg */ = {isa = PBXFileReference; lastKnownFileType = image.jpeg; path = "鱼香肉丝.jpg"; sourceTree = "<group>"; };
/* End PBXFileReference section */

/* Begin PBXFrameworksBuildPhase section */
		B516176216AE6E7200099ED3 /* Frameworks */ = {
			isa = PBXFrameworksBuildPhase;
			buildActionMask = 2147483647;
			files = (
				B51617AF16AE71EA00099ED3 /* QuartzCore.framework in Frameworks */,
				B516176A16AE6E7200099ED3 /* UIKit.framework in Frameworks */,
				B516176C16AE6E7200099ED3 /* Foundation.framework in Frameworks */,
				B516176E16AE6E7200099ED3 /* CoreGraphics.framework in Frameworks */,
			);
			runOnlyForDeploymentPostprocessing = 0;
		};
/* End PBXFrameworksBuildPhase section */

/* Begin PBXGroup section */
		B516175A16AE6E7200099ED3 = {
			isa = PBXGroup;
			children = (
				B516176F16AE6E7200099ED3 /* cookbook */,
				B516176816AE6E7200099ED3 /* Frameworks */,
				B516176616AE6E7200099ED3 /* Products */,
			);
			sourceTree = "<group>";
		};
		B516176616AE6E7200099ED3 /* Products */ = {
			isa = PBXGroup;
			children = (
				B516176516AE6E7200099ED3 /* cookbook.app */,
			);
			name = Products;
			sourceTree = "<group>";
		};
		B516176816AE6E7200099ED3 /* Frameworks */ = {
			isa = PBXGroup;
			children = (
				B51617AE16AE71EA00099ED3 /* QuartzCore.framework */,
				B516176916AE6E7200099ED3 /* UIKit.framework */,
				B516176B16AE6E7200099ED3 /* Foundation.framework */,
				B516176D16AE6E7200099ED3 /* CoreGraphics.framework */,
			);
			name = Frameworks;
			sourceTree = "<group>";
		};
		B516176F16AE6E7200099ED3 /* cookbook */ = {
			isa = PBXGroup;
			children = (
				B516179016AE704300099ED3 /* GMGridView */,
				B516179D16AE704300099ED3 /* RecipeItem.h */,
				B516179E16AE704300099ED3 /* RecipeItem.m */,
				B516179F16AE704300099ED3 /* RecipeItem.xib */,
				B51617A016AE704300099ED3 /* Resource */,
				B516177816AE6E7200099ED3 /* AppDelegate.h */,
				B516177916AE6E7200099ED3 /* AppDelegate.m */,
				B516178116AE6E7200099ED3 /* MainStoryboard.storyboard */,
				B516178416AE6E7200099ED3 /* ViewController.h */,
				B516178516AE6E7200099ED3 /* ViewController.m */,
				B5BD083816AF9188009C23F2 /* CBDataManager.h */,
				B5BD083916AF9188009C23F2 /* CBDataManager.m */,
				B516177016AE6E7200099ED3 /* Supporting Files */,
			);
			path = cookbook;
			sourceTree = "<group>";
		};
		B516177016AE6E7200099ED3 /* Supporting Files */ = {
			isa = PBXGroup;
			children = (
				B516178E16AE6FD000099ED3 /* Default-Landscape~ipad.png */,
				B516177116AE6E7200099ED3 /* cookbook-Info.plist */,
				B516177216AE6E7200099ED3 /* InfoPlist.strings */,
				B516177516AE6E7200099ED3 /* main.m */,
				B516177716AE6E7200099ED3 /* cookbook-Prefix.pch */,
			);
			name = "Supporting Files";
			sourceTree = "<group>";
		};
		B516179016AE704300099ED3 /* GMGridView */ = {
			isa = PBXGroup;
			children = (
				B516179116AE704300099ED3 /* GMGridView-Constants.h */,
				B516179216AE704300099ED3 /* GMGridView.h */,
				B516179316AE704300099ED3 /* GMGridView.m */,
				B516179416AE704300099ED3 /* GMGridViewCell+Extended.h */,
				B516179516AE704300099ED3 /* GMGridViewCell.h */,
				B516179616AE704300099ED3 /* GMGridViewCell.m */,
				B516179716AE704300099ED3 /* GMGridViewLayoutStrategies.h */,
				B516179816AE704300099ED3 /* GMGridViewLayoutStrategies.m */,
				B516179916AE704300099ED3 /* UIGestureRecognizer+GMGridViewAdditions.h */,
				B516179A16AE704300099ED3 /* UIGestureRecognizer+GMGridViewAdditions.m */,
				B516179B16AE704300099ED3 /* UIView+GMGridViewAdditions.h */,
				B516179C16AE704300099ED3 /* UIView+GMGridViewAdditions.m */,
			);
			path = GMGridView;
			sourceTree = "<group>";
		};
		B51617A016AE704300099ED3 /* Resource */ = {
			isa = PBXGroup;
			children = (
				B5BD07CF16AF46AB009C23F2 /* Picture */,
				B5BD07C716AF254A009C23F2 /* 分类_表.png */,
				B5BD07C816AF254A009C23F2 /* 分类_更多.png */,
				B5BD07C916AF254A009C23F2 /* 分类_咖啡.png */,
				B5BD07C216AF190B009C23F2 /* 分类_123美食网.png */,
				B5BD07C316AF190B009C23F2 /* 分类_家常菜谱.png */,
				B50C115916AE8E1600F48291 /* 分类_笔触.png */,
				B50C115A16AE8E1600F48291 /* 分类_鸡肉.png */,
				B50C115B16AE8E1600F48291 /* 分类_牛羊.png */,
				B50C115C16AE8E1600F48291 /* 分类_排骨.png */,
				B50C115D16AE8E1600F48291 /* 分类_蔬菜.png */,
				B50C115E16AE8E1600F48291 /* 分类_所有.png */,
				B50C115F16AE8E1600F48291 /* 分类_鱼虾.png */,
				B50C116016AE8E1600F48291 /* 分类_猪肉.png */,
				B51617B016AE825B00099ED3 /* 分类_背景.png */,
				B51617A116AE704300099ED3 /* bg.png */,
				B51617A216AE704300099ED3 /* Item_bg.png */,
				B5BD07CD16AF3632009C23F2 /* data.plist */,
			);
			path = Resource;
			sourceTree = "<group>";
		};
		B5BD07CF16AF46AB009C23F2 /* Picture */ = {
			isa = PBXGroup;
			children = (
				B5BD083B16AF9295009C23F2 /* 鱼香肉丝.jpg */,
				B5BD07D016AF46AB009C23F2 /* 可乐鸡翅.jpg */,
				B5BD07D116AF46AB009C23F2 /* 回锅肉.jpg */,
				B5BD07D216AF46AB009C23F2 /* 土豆烧牛肉.jpg */,
				B5BD07D316AF46AB009C23F2 /* 地三鲜.jpg */,
				B5BD07D416AF46AB009C23F2 /* 孜然羊肉.jpg */,
				B5BD07D516AF46AB009C23F2 /* 宫保鸡丁.jpg */,
				B5BD07D616AF46AB009C23F2 /* 家常豆腐.jpg */,
				B5BD07D716AF46AB009C23F2 /* 尖椒土豆丝.jpg */,
				B5BD07D816AF46AB009C23F2 /* 尖椒牛柳.jpg */,
				B5BD07D916AF46AB009C23F2 /* 干烧鲫鱼.jpg */,
				B5BD07DA16AF46AB009C23F2 /* 干煸牛肉丝.jpg */,
				B5BD07DB16AF46AB009C23F2 /* 干煸豆角.jpg */,
				B5BD07DC16AF46AB009C23F2 /* 木须肉.jpg */,
				B5BD07DD16AF46AB009C23F2 /* 栗子焖鸡.jpg */,
				B5BD07DE16AF46AB009C23F2 /* 水煮肉片.jpg */,
				B5BD07DF16AF46AB009C23F2 /* 水煮鱼.jpg */,
				B5BD07E016AF46AB009C23F2 /* 油爆青虾.jpg */,
				B5BD07E116AF46AB009C23F2 /* 清蒸武昌鱼.jpg */,
				B5BD07E216AF46AB009C23F2 /* 溜肝尖.jpg */,
				B5BD07E316AF46AB009C23F2 /* 炸茄盒.jpg */,
				B5BD07E416AF46AB009C23F2 /* 烧茄子.jpg */,
				B5BD07E516AF46AB009C23F2 /* 熘肥肠.jpg */,
				B5BD07E616AF46AB009C23F2 /* 糖醋带鱼.jpg */,
				B5BD07E716AF46AB009C23F2 /* 糖醋排骨.jpg */,
				B5BD07E816AF46AB009C23F2 /* 红烧排骨.jpg */,
				B5BD07E916AF46AB009C23F2 /* 红烧肉.jpg */,
				B5BD07EA16AF46AB009C23F2 /* 红烧鸡翅.jpg */,
				B5BD07EB16AF46AB009C23F2 /* 花生猪蹄.jpg */,
				B5BD07EC16AF46AB009C23F2 /* 苦瓜煎蛋.jpg */,
				B5BD07ED16AF46AB009C23F2 /* 葱爆羊肉.jpg */,
				B5BD07EE16AF46AB009C23F2 /* 蒜薹炒肉丝.jpg */,
				B5BD07EF16AF46AB009C23F2 /* 虎皮尖椒.jpg */,
				B5BD07F016AF46AB009C23F2 /* 西红柿炒鸡蛋.jpg */,
				B5BD07F116AF46AB009C23F2 /* 西红柿炖牛腩.jpg */,
				B5BD07F216AF46AB009C23F2 /* 豆干炒芹菜.jpg */,
				B5BD07F316AF46AB009C23F2 /* 豆豉鲮鱼油麦菜.jpg */,
				B5BD07F416AF46AB009C23F2 /* 软炸里脊.jpg */,
				B5BD07F516AF46AB009C23F2 /* 酱排骨.jpg */,
				B5BD07F616AF46AB009C23F2 /* 酱烧茄子.jpg */,
				B5BD07F716AF46AB009C23F2 /* 醋溜土豆丝.jpg */,
				B5BD07F816AF46AB009C23F2 /* 醋溜白菜.jpg */,
				B5BD07F916AF46AB009C23F2 /* 锅包肉.jpg */,
				B5BD07FA16AF46AB009C23F2 /* 韭菜炒鸡蛋.jpg */,
				B5BD07FB16AF46AB009C23F2 /* 香菇油菜.jpg */,
				B5BD07FC16AF46AB009C23F2 /* 鱼香茄子.jpg */,
				B5BD07FD16AF46AB009C23F2 /* 鸡蛋羹.jpg */,
				B5BD07FE16AF46AB009C23F2 /* 麻婆豆腐.jpg */,
			);
			path = Picture;
			sourceTree = "<group>";
		};
/* End PBXGroup section */

/* Begin PBXNativeTarget section */
		B516176416AE6E7200099ED3 /* cookbook */ = {
			isa = PBXNativeTarget;
			buildConfigurationList = B516178916AE6E7200099ED3 /* Build configuration list for PBXNativeTarget "cookbook" */;
			buildPhases = (
				B516176116AE6E7200099ED3 /* Sources */,
				B516176216AE6E7200099ED3 /* Frameworks */,
				B516176316AE6E7200099ED3 /* Resources */,
			);
			buildRules = (
			);
			dependencies = (
			);
			name = cookbook;
			productName = cookbook;
			productReference = B516176516AE6E7200099ED3 /* cookbook.app */;
			productType = "com.apple.product-type.application";
		};
/* End PBXNativeTarget section */

/* Begin PBXProject section */
		B516175C16AE6E7200099ED3 /* Project object */ = {
			isa = PBXProject;
			attributes = {
				LastUpgradeCheck = 0450;
				ORGANIZATIONNAME = silvon;
			};
			buildConfigurationList = B516175F16AE6E7200099ED3 /* Build configuration list for PBXProject "cookbook" */;
			compatibilityVersion = "Xcode 3.2";
			developmentRegion = English;
			hasScannedForEncodings = 0;
			knownRegions = (
				en,
			);
			mainGroup = B516175A16AE6E7200099ED3;
			productRefGroup = B516176616AE6E7200099ED3 /* Products */;
			projectDirPath = "";
			projectRoot = "";
			targets = (
				B516176416AE6E7200099ED3 /* cookbook */,
			);
		};
/* End PBXProject section */

/* Begin PBXResourcesBuildPhase section */
		B516176316AE6E7200099ED3 /* Resources */ = {
			isa = PBXResourcesBuildPhase;
			buildActionMask = 2147483647;
			files = (
				B516177416AE6E7200099ED3 /* InfoPlist.strings in Resources */,
				B516178316AE6E7200099ED3 /* MainStoryboard.storyboard in Resources */,
				B516178F16AE6FD000099ED3 /* Default-Landscape~ipad.png in Resources */,
				B51617AA16AE704300099ED3 /* RecipeItem.xib in Resources */,
				B51617AB16AE704300099ED3 /* bg.png in Resources */,
				B51617AC16AE704300099ED3 /* Item_bg.png in Resources */,
				B51617B116AE825B00099ED3 /* 分类_背景.png in Resources */,
				B50C116116AE8E1600F48291 /* 分类_笔触.png in Resources */,
				B50C116216AE8E1600F48291 /* 分类_鸡肉.png in Resources */,
				B50C116316AE8E1600F48291 /* 分类_牛羊.png in Resources */,
				B50C116416AE8E1600F48291 /* 分类_排骨.png in Resources */,
				B50C116516AE8E1600F48291 /* 分类_蔬菜.png in Resources */,
				B50C116616AE8E1600F48291 /* 分类_所有.png in Resources */,
				B50C116716AE8E1600F48291 /* 分类_鱼虾.png in Resources */,
				B50C116816AE8E1600F48291 /* 分类_猪肉.png in Resources */,
				B5BD07C416AF190B009C23F2 /* 分类_123美食网.png in Resources */,
				B5BD07C516AF190B009C23F2 /* 分类_家常菜谱.png in Resources */,
				B5BD07CA16AF254A009C23F2 /* 分类_表.png in Resources */,
				B5BD07CB16AF254A009C23F2 /* 分类_更多.png in Resources */,
				B5BD07CC16AF254A009C23F2 /* 分类_咖啡.png in Resources */,
				B5BD07CE16AF3632009C23F2 /* data.plist in Resources */,
				B5BD07FF16AF46AB009C23F2 /* 可乐鸡翅.jpg in Resources */,
				B5BD080016AF46AB009C23F2 /* 回锅肉.jpg in Resources */,
				B5BD080116AF46AB009C23F2 /* 土豆烧牛肉.jpg in Resources */,
				B5BD080216AF46AB009C23F2 /* 地三鲜.jpg in Resources */,
				B5BD080316AF46AB009C23F2 /* 孜然羊肉.jpg in Resources */,
				B5BD080416AF46AB009C23F2 /* 宫保鸡丁.jpg in Resources */,
				B5BD080516AF46AB009C23F2 /* 家常豆腐.jpg in Resources */,
				B5BD080616AF46AB009C23F2 /* 尖椒土豆丝.jpg in Resources */,
				B5BD080716AF46AB009C23F2 /* 尖椒牛柳.jpg in Resources */,
				B5BD080816AF46AB009C23F2 /* 干烧鲫鱼.jpg in Resources */,
				B5BD080916AF46AB009C23F2 /* 干煸牛肉丝.jpg in Resources */,
				B5BD080A16AF46AB009C23F2 /* 干煸豆角.jpg in Resources */,
				B5BD080B16AF46AB009C23F2 /* 木须肉.jpg in Resources */,
				B5BD080C16AF46AB009C23F2 /* 栗子焖鸡.jpg in Resources */,
				B5BD080D16AF46AB009C23F2 /* 水煮肉片.jpg in Resources */,
				B5BD080E16AF46AB009C23F2 /* 水煮鱼.jpg in Resources */,
				B5BD080F16AF46AB009C23F2 /* 油爆青虾.jpg in Resources */,
				B5BD081016AF46AB009C23F2 /* 清蒸武昌鱼.jpg in Resources */,
				B5BD081116AF46AB009C23F2 /* 溜肝尖.jpg in Resources */,
				B5BD081216AF46AB009C23F2 /* 炸茄盒.jpg in Resources */,
				B5BD081316AF46AB009C23F2 /* 烧茄子.jpg in Resources */,
				B5BD081416AF46AB009C23F2 /* 熘肥肠.jpg in Resources */,
				B5BD081516AF46AB009C23F2 /* 糖醋带鱼.jpg in Resources */,
				B5BD081616AF46AB009C23F2 /* 糖醋排骨.jpg in Resources */,
				B5BD081716AF46AB009C23F2 /* 红烧排骨.jpg in Resources */,
				B5BD081816AF46AB009C23F2 /* 红烧肉.jpg in Resources */,
				B5BD081916AF46AB009C23F2 /* 红烧鸡翅.jpg in Resources */,
				B5BD081A16AF46AB009C23F2 /* 花生猪蹄.jpg in Resources */,
				B5BD081B16AF46AB009C23F2 /* 苦瓜煎蛋.jpg in Resources */,
				B5BD081C16AF46AB009C23F2 /* 葱爆羊肉.jpg in Resources */,
				B5BD081D16AF46AB009C23F2 /* 蒜薹炒肉丝.jpg in Resources */,
				B5BD081E16AF46AB009C23F2 /* 虎皮尖椒.jpg in Resources */,
				B5BD081F16AF46AB009C23F2 /* 西红柿炒鸡蛋.jpg in Resources */,
				B5BD082016AF46AB009C23F2 /* 西红柿炖牛腩.jpg in Resources */,
				B5BD082116AF46AB009C23F2 /* 豆干炒芹菜.jpg in Resources */,
				B5BD082216AF46AB009C23F2 /* 豆豉鲮鱼油麦菜.jpg in Resources */,
				B5BD082316AF46AB009C23F2 /* 软炸里脊.jpg in Resources */,
				B5BD082416AF46AB009C23F2 /* 酱排骨.jpg in Resources */,
				B5BD082516AF46AB009C23F2 /* 酱烧茄子.jpg in Resources */,
				B5BD082616AF46AB009C23F2 /* 醋溜土豆丝.jpg in Resources */,
				B5BD082716AF46AB009C23F2 /* 醋溜白菜.jpg in Resources */,
				B5BD082816AF46AB009C23F2 /* 锅包肉.jpg in Resources */,
				B5BD082916AF46AB009C23F2 /* 韭菜炒鸡蛋.jpg in Resources */,
				B5BD082A16AF46AB009C23F2 /* 香菇油菜.jpg in Resources */,
				B5BD082B16AF46AB009C23F2 /* 鱼香茄子.jpg in Resources */,
				B5BD082C16AF46AB009C23F2 /* 鸡蛋羹.jpg in Resources */,
				B5BD082D16AF46AB009C23F2 /* 麻婆豆腐.jpg in Resources */,
				B5BD083C16AF9295009C23F2 /* 鱼香肉丝.jpg in Resources */,
			);
			runOnlyForDeploymentPostprocessing = 0;
		};
/* End PBXResourcesBuildPhase section */

/* Begin PBXSourcesBuildPhase section */
		B516176116AE6E7200099ED3 /* Sources */ = {
			isa = PBXSourcesBuildPhase;
			buildActionMask = 2147483647;
			files = (
				B516177616AE6E7200099ED3 /* main.m in Sources */,
				B516177A16AE6E7200099ED3 /* AppDelegate.m in Sources */,
				B516178616AE6E7200099ED3 /* ViewController.m in Sources */,
				B51617A416AE704300099ED3 /* GMGridView.m in Sources */,
				B51617A516AE704300099ED3 /* GMGridViewCell.m in Sources */,
				B51617A616AE704300099ED3 /* GMGridViewLayoutStrategies.m in Sources */,
				B51617A716AE704300099ED3 /* UIGestureRecognizer+GMGridViewAdditions.m in Sources */,
				B51617A816AE704300099ED3 /* UIView+GMGridViewAdditions.m in Sources */,
				B51617A916AE704300099ED3 /* RecipeItem.m in Sources */,
				B5BD083A16AF9188009C23F2 /* CBDataManager.m in Sources */,
			);
			runOnlyForDeploymentPostprocessing = 0;
		};
/* End PBXSourcesBuildPhase section */

/* Begin PBXVariantGroup section */
		B516177216AE6E7200099ED3 /* InfoPlist.strings */ = {
			isa = PBXVariantGroup;
			children = (
				B516177316AE6E7200099ED3 /* en */,
			);
			name = InfoPlist.strings;
			sourceTree = "<group>";
		};
		B516178116AE6E7200099ED3 /* MainStoryboard.storyboard */ = {
			isa = PBXVariantGroup;
			children = (
				B516178216AE6E7200099ED3 /* en */,
			);
			name = MainStoryboard.storyboard;
			sourceTree = "<group>";
		};
/* End PBXVariantGroup section */

/* Begin XCBuildConfiguration section */
		B516178716AE6E7200099ED3 /* Debug */ = {
			isa = XCBuildConfiguration;
			buildSettings = {
				ALWAYS_SEARCH_USER_PATHS = NO;
				CLANG_CXX_LANGUAGE_STANDARD = "gnu++0x";
				CLANG_CXX_LIBRARY = "libc++";
				CLANG_ENABLE_OBJC_ARC = YES;
				CLANG_WARN_EMPTY_BODY = YES;
				CLANG_WARN__DUPLICATE_METHOD_MATCH = YES;
				"CODE_SIGN_IDENTITY[sdk=iphoneos*]" = "iPhone Developer";
				COPY_PHASE_STRIP = NO;
				GCC_C_LANGUAGE_STANDARD = gnu99;
				GCC_DYNAMIC_NO_PIC = NO;
				GCC_OPTIMIZATION_LEVEL = 0;
				GCC_PREPROCESSOR_DEFINITIONS = (
					"DEBUG=1",
					"$(inherited)",
				);
				GCC_SYMBOLS_PRIVATE_EXTERN = NO;
				GCC_WARN_ABOUT_RETURN_TYPE = YES;
				GCC_WARN_UNINITIALIZED_AUTOS = YES;
				GCC_WARN_UNUSED_VARIABLE = YES;
				IPHONEOS_DEPLOYMENT_TARGET = 5.0;
				SDKROOT = iphoneos;
				TARGETED_DEVICE_FAMILY = 2;
			};
			name = Debug;
		};
		B516178816AE6E7200099ED3 /* Release */ = {
			isa = XCBuildConfiguration;
			buildSettings = {
				ALWAYS_SEARCH_USER_PATHS = NO;
				CLANG_CXX_LANGUAGE_STANDARD = "gnu++0x";
				CLANG_CXX_LIBRARY = "libc++";
				CLANG_ENABLE_OBJC_ARC = YES;
				CLANG_WARN_EMPTY_BODY = YES;
				CLANG_WARN__DUPLICATE_METHOD_MATCH = YES;
				"CODE_SIGN_IDENTITY[sdk=iphoneos*]" = "iPhone Developer";
				COPY_PHASE_STRIP = YES;
				GCC_C_LANGUAGE_STANDARD = gnu99;
				GCC_WARN_ABOUT_RETURN_TYPE = YES;
				GCC_WARN_UNINITIALIZED_AUTOS = YES;
				GCC_WARN_UNUSED_VARIABLE = YES;
				IPHONEOS_DEPLOYMENT_TARGET = 5.0;
				OTHER_CFLAGS = "-DNS_BLOCK_ASSERTIONS=1";
				SDKROOT = iphoneos;
				TARGETED_DEVICE_FAMILY = 2;
				VALIDATE_PRODUCT = YES;
			};
			name = Release;
		};
		B516178A16AE6E7200099ED3 /* Debug */ = {
			isa = XCBuildConfiguration;
			buildSettings = {
				GCC_PRECOMPILE_PREFIX_HEADER = YES;
				GCC_PREFIX_HEADER = "cookbook/cookbook-Prefix.pch";
				INFOPLIST_FILE = "cookbook/cookbook-Info.plist";
				IPHONEOS_DEPLOYMENT_TARGET = 5.0;
				PRODUCT_NAME = "$(TARGET_NAME)";
				WRAPPER_EXTENSION = app;
			};
			name = Debug;
		};
		B516178B16AE6E7200099ED3 /* Release */ = {
			isa = XCBuildConfiguration;
			buildSettings = {
				GCC_PRECOMPILE_PREFIX_HEADER = YES;
				GCC_PREFIX_HEADER = "cookbook/cookbook-Prefix.pch";
				INFOPLIST_FILE = "cookbook/cookbook-Info.plist";
				IPHONEOS_DEPLOYMENT_TARGET = 5.0;
				PRODUCT_NAME = "$(TARGET_NAME)";
				WRAPPER_EXTENSION = app;
			};
			name = Release;
		};
/* End XCBuildConfiguration section */

/* Begin XCConfigurationList section */
		B516175F16AE6E7200099ED3 /* Build configuration list for PBXProject "cookbook" */ = {
			isa = XCConfigurationList;
			buildConfigurations = (
				B516178716AE6E7200099ED3 /* Debug */,
				B516178816AE6E7200099ED3 /* Release */,
			);
			defaultConfigurationIsVisible = 0;
			defaultConfigurationName = Release;
		};
		B516178916AE6E7200099ED3 /* Build configuration list for PBXNativeTarget "cookbook" */ = {
			isa = XCConfigurationList;
			buildConfigurations = (
				B516178A16AE6E7200099ED3 /* Debug */,
				B516178B16AE6E7200099ED3 /* Release */,
			);
			defaultConfigurationIsVisible = 0;
			defaultConfigurationName = Release;
		};
/* End XCConfigurationList section */
	};
	rootObject = B516175C16AE6E7200099ED3 /* Project object */;
}
